
Microsoft Visual Studio Solution File, Format Version 12.00
# Visual Studio Version 17
VisualStudioVersion = 17.4.33403.182
MinimumVisualStudioVersion = 10.0.40219.1
Project("{9A19103F-16F7-4668-BE54-9A1E7A4F7556}") = "Shopster.API", "Shopster.API\Shopster.API.csproj", "{7D75894F-757A-42F2-A645-9DD8C4C86DEE}"
EndProject
Project("{9A19103F-16F7-4668-BE54-9A1E7A4F7556}") = "Shopster.DAL", "Shopster.DAL\Shopster.DAL.csproj", "{4C9C742C-CDAC-444C-B887-7DDE01EA901D}"
EndProject
Project("{9A19103F-16F7-4668-BE54-9A1E7A4F7556}") = "Shopster.Tests", "Shopster.Tests\Shopster.Tests.csproj", "{531E4D86-BF98-4134-9E93-727653BE925F}"
EndProject
Global
	GlobalSection(SolutionConfigurationPlatforms) = preSolution
		Debug|Any CPU = Debug|Any CPU
		Release|Any CPU = Release|Any CPU
	EndGlobalSection
	GlobalSection(ProjectConfigurationPlatforms) = postSolution
		{7D75894F-757A-42F2-A645-9DD8C4C86DEE}.Debug|Any CPU.ActiveCfg = Debug|Any CPU
		{7D75894F-757A-42F2-A645-9DD8C4C86DEE}.Debug|Any CPU.Build.0 = Debug|Any CPU
		{7D75894F-757A-42F2-A645-9DD8C4C86DEE}.Release|Any CPU.ActiveCfg = Release|Any CPU
		{7D75894F-757A-42F2-A645-9DD8C4C86DEE}.Release|Any CPU.Build.0 = Release|Any CPU
		{4C9C742C-CDAC-444C-B887-7DDE01EA901D}.Debug|Any CPU.ActiveCfg = Debug|Any CPU
		{4C9C742C-CDAC-444C-B887-7DDE01EA901D}.Debug|Any CPU.Build.0 = Debug|Any CPU
		{4C9C742C-CDAC-444C-B887-7DDE01EA901D}.Release|Any CPU.ActiveCfg = Release|Any CPU
		{4C9C742C-CDAC-444C-B887-7DDE01EA901D}.Release|Any CPU.Build.0 = Release|Any CPU
		{531E4D86-BF98-4134-9E93-727653BE925F}.Debug|Any CPU.ActiveCfg = Debug|Any CPU
		{531E4D86-BF98-4134-9E93-727653BE925F}.Debug|Any CPU.Build.0 = Debug|Any CPU
		{531E4D86-BF98-4134-9E93-727653BE925F}.Release|Any CPU.ActiveCfg = Release|Any CPU
		{531E4D86-BF98-4134-9E93-727653BE925F}.Release|Any CPU.Build.0 = Release|Any CPU
	EndGlobalSection
	GlobalSection(SolutionProperties) = preSolution
		HideSolutionNode = FALSE
	EndGlobalSection
	GlobalSection(ExtensibilityGlobals) = postSolution
		SolutionGuid = {05934A68-E1A1-4FF8-AAAF-425D540DB1F3}
	EndGlobalSection
EndGlobal
